lockfileVersion: '9.0'

settings:
  autoInstallPeers: true
  excludeLinksFromLockfile: false

importers:

  .:
    dependencies:
      '@domternal/core':
        specifier: 1.2.0
        version: 1.2.0
      '@domternal/extension-image':
        specifier: 1.2.0
        version: 1.2.0(@domternal/core@1.2.0)(@domternal/pm@1.2.0)
      '@domternal/extension-table':
        specifier: 1.2.0
        version: 1.2.0(@domternal/core@1.2.0)(@domternal/pm@1.2.0)
      '@domternal/pm':
        specifier: 1.2.0
        version: 1.2.0
      y-prosemirror:
        specifier: 1.3.7
        version: 1.3.7(prosemirror-model@1.25.12)(prosemirror-state@1.4.4)(prosemirror-view@1.42.6)(y-protocols@1.0.7(yjs@13.6.32))(yjs@13.6.32)
      yjs:
        specifier: 13.6.32
        version: 13.6.32

packages:

  '@domternal/core@1.2.0':
    resolution: {integrity: sha512-Fnj/o7tJe+0ShNhxr3Eetl3n/EHnxYy8RFeL/cwI6Q4xJHcAAKUi3e+8BAqYD+D6VGI8A9ATBV/14kjypiHhbw==}
    engines: {node: '>=22'}
    peerDependencies:
      linkedom: ^0.18.0
    peerDependenciesMeta:
      linkedom:
        optional: true

  '@domternal/extension-image@1.2.0':
    resolution: {integrity: sha512-3I+JV/t/IXGfIsFlh5wRu4HXgHn79LKs/wwgUo9zkDuHOZIqLvOxIfd3aR22BLq7nU58GtmyajQuHJj9oo45zA==}
    engines: {node: '>=22'}
    peerDependencies:
      '@domternal/core': '>=1.2.0 <2.0.0'
      '@domternal/pm': '>=1.2.0 <2.0.0'

  '@domternal/extension-table@1.2.0':
    resolution: {integrity: sha512-A6/ym+CmUXzC5jjCQwwTnhQGa/ysTOu9GJLFHlgAvFQsfSUuh2+NBGSb1n4ZoPIS+vvfQ4Q1mjeMKIV89kUDjw==}
    engines: {node: '>=22'}
    peerDependencies:
      '@domternal/core': '>=1.2.0 <2.0.0'
      '@domternal/pm': '>=1.2.0 <2.0.0'

  '@domternal/pm@1.2.0':
    resolution: {integrity: sha512-0C6UOr6BkX9em7xWBRWkpbC9w9B9MeGTM1TKK80bCjF5NpZTLrCO6lFKxJgTnbyGIiu8GC7R6VoTsljNWKdr5g==}
    engines: {node: '>=22'}

  '@floating-ui/core@1.8.0':
    resolution: {integrity: sha512-0CIZ5itps/8x7BG8dEIhs53BvCUH2PCoogtakwRTut+Arm58sJooJ0AuZhLw2HJYIR5cMLNPBSS728sPho2khQ==}

  '@floating-ui/dom@1.8.0':
    resolution: {integrity: sha512-yXSrzeHZBTZadLOlfyhCkJHNeLJnHRnRInwdZ40L7ZiaAtrBwoYlsDrX3v5zB1Utk7CLfzcOVnVVWoXEky7Ceg==}

  '@floating-ui/utils@0.2.12':
    resolution: {integrity: sha512-HpCo8tmWzLVad5s2d19EhAz5zqrrQ6s69qd6moPMQvkOuSwDT1YgRfWSVuc4ennqrgv3OHppiOGMQ7oC13yIww==}

  isomorphic.js@0.2.5:
    resolution: {integrity: sha512-PIeMbHqMt4DnUP3MA/Flc0HElYjMXArsw1qwJZcm9sqR8mq3l8NYizFMty0pWwE/tzIGH3EKK5+jes5mAr85yw==}

  lib0@0.2.119:
    resolution: {integrity: sha512-vh+TiejVy8Xm+hCdnRfn9BthGNvNUZdEXltNjVZL3TzRIKP3s1lnQh8pWd/Q0wCgY0FPAGVVjFF4ZiHUV3LFgA==}
    engines: {node: '>=16'}
    hasBin: true

  linkifyjs@4.3.3:
    resolution: {integrity: sha512-P8aEP5U/D1/IlTY2OeYsErdwh9bGuLE30NcXtKEjgdHcahveQoQwM2yZNsioQHsWFz0P7KKudisbrzCgR0sDHg==}

  orderedmap@2.1.1:
    resolution: {integrity: sha512-TvAWxi0nDe1j/rtMcWcIj94+Ffe6n7zhow33h40SKxmsmozs6dz/e+EajymfoFcHd7sxNn8yHM8839uixMOV6g==}

  prosemirror-commands@1.7.2:
    resolution: {integrity: sha512-q6Q6szxqdu9Xd6EcdKsqXghu5nQdZTpB4Q9yd04WRc7/jt763e/rT60Owh0L1GYY+T46o5rD+9lEN36dZS43tw==}

  prosemirror-dropcursor@1.8.4:
    resolution: {integrity: sha512-VmKxhcA6a+h5oPSYmfF1ZNeQqPbyYaIxqZsKqeYCyTlPtrjUgNaHL3P8vVaO19oqAV0zuaM/axkowZHrB1P3Tg==}

  prosemirror-gapcursor@1.4.1:
    resolution: {integrity: sha512-pMdYaEnjNMSwl11yjEGtgTmLkR08m/Vl+Jj443167p9eB3HVQKhYCc4gmHVDsLPODfZfjr/MmirsdyZziXbQKw==}

  prosemirror-history@1.5.1:
    resolution: {integrity: sha512-onlwnqKvgtFg6srZOmDOAhlAy1FIHQpOExORybX0S+DvJepE5tPALrB9iGet/2sqqqrelSnB10OoiOJqAvu2DA==}

  prosemirror-inputrules@1.5.1:
    resolution: {integrity: sha512-7wj4uMjKaXWAQ1CDgxNzNtR9AlsuwzHfdFH1ygEHA2KHF2DOEaXl1CJfNPAKCg9qNEh4rum975QLaCiQPyY6Fw==}

  prosemirror-keymap@1.2.3:
    resolution: {integrity: sha512-4HucRlpiLd1IPQQXNqeo81BGtkY8Ai5smHhKW9jjPKRc2wQIxksg7Hl1tTI2IfT2B/LgX6bfYvXxEpJl7aKYKw==}

  prosemirror-model@1.25.12:
    resolution: {integrity: sha512-Ue2gTmXMa7EhpLNhC7J+h4+ykD8ha12K6rrZFFKKJHBForfIStw5gJ6Zrf1mqqAa9NmpmEB4wp9bKmA4eUVjWg==}

  prosemirror-schema-list@1.5.1:
    resolution: {integrity: sha512-927lFx/uwyQaGwJxLWCZRkjXG0p48KpMj6ueoYiu4JX05GGuGcgzAy62dfiV8eFZftgyBUvLx76RsMe20fJl+Q==}

  prosemirror-state@1.4.4:
    resolution: {integrity: sha512-6jiYHH2CIGbCfnxdHbXZ12gySFY/fz/ulZE333G6bPqIZ4F+TXo9ifiR86nAHpWnfoNjOb3o5ESi7J8Uz1jXHw==}

  prosemirror-tables@1.8.5:
    resolution: {integrity: sha512-V/0cDCsHKHe/tfWkeCmthNUcEp1IVO3p6vwN8XtwE9PZQLAZJigbw3QoraAdfJPir4NKJtNvOB8oYGKRl+t0Dw==}

  prosemirror-transform@1.12.2:
    resolution: {integrity: sha512-PE/aY0HEY4zczvmqrilgkUK/WautF0chvMqkmM/iN5/aPHvwrCWaQZjS6CIZp+K84YrvPFqrL+YArrfJX8xX7g==}

  prosemirror-view@1.42.6:
    resolution: {integrity: sha512-3g25f6hKV2bBxo3puH3EcYWmmVNSH0iWmNsMVT7sugDSpA025jgpOLarcDWr39SdzPjYMaiYtRdNtXialPSjEQ==}

  rope-sequence@1.3.4:
    resolution: {integrity: sha512-UT5EDe2cu2E/6O4igUr5PSFs23nvvukicWHx6GnOPlHAiiYbzNuCRQCuiUdHJQcqKalLKlrYJnjY0ySGsXNQXQ==}

  w3c-keyname@2.2.8:
    resolution: {integrity: sha512-dpojBhNsCNN7T82Tm7k26A6G9ML3NkhDsnw9n/eoxSRlVBB4CEtIQ/KTCLI2Fwf3ataSXRhYFkQi3SlnFwPvPQ==}

  y-prosemirror@1.3.7:
    resolution: {integrity: sha512-NpM99WSdD4Fx4if5xOMDpPtU3oAmTSjlzh5U4353ABbRHl1HtAFUx6HlebLZfyFxXN9jzKMDkVbcRjqOZVkYQg==}
    engines: {node: '>=16.0.0', npm: '>=8.0.0'}
    peerDependencies:
      prosemirror-model: ^1.7.1
      prosemirror-state: ^1.2.3
      prosemirror-view: ^1.9.10
      y-protocols: ^1.0.1
      yjs: ^13.5.38

  y-protocols@1.0.7:
    resolution: {integrity: sha512-YSVsLoXxO67J6eE/nV4AtFtT3QEotZf5sK5BHxFBXso7VDUT3Tx07IfA6hsu5Q5OmBdMkQVmFZ9QOA7fikWvnw==}
    engines: {node: '>=16.0.0', npm: '>=8.0.0'}
    peerDependencies:
      yjs: ^13.0.0

  yjs@13.6.32:
    resolution: {integrity: sha512-lfiJIIC4Xayt5ItynE407ehlE03pCjeOc4hkR4yxxvvNJ4kuiN25B0g+Qp8XagYz361LLL7DCzR5bvFJ81QKtQ==}
    engines: {node: '>=16.0.0', npm: '>=8.0.0'}

snapshots:

  '@domternal/core@1.2.0':
    dependencies:
      '@domternal/pm': 1.2.0
      '@floating-ui/dom': 1.8.0
      linkifyjs: 4.3.3

  '@domternal/extension-image@1.2.0(@domternal/core@1.2.0)(@domternal/pm@1.2.0)':
    dependencies:
      '@domternal/core': 1.2.0
      '@domternal/pm': 1.2.0

  '@domternal/extension-table@1.2.0(@domternal/core@1.2.0)(@domternal/pm@1.2.0)':
    dependencies:
      '@domternal/core': 1.2.0
      '@domternal/pm': 1.2.0

  '@domternal/pm@1.2.0':
    dependencies:
      prosemirror-commands: 1.7.2
      prosemirror-dropcursor: 1.8.4
      prosemirror-gapcursor: 1.4.1
      prosemirror-history: 1.5.1
      prosemirror-inputrules: 1.5.1
      prosemirror-keymap: 1.2.3
      prosemirror-model: 1.25.12
      prosemirror-schema-list: 1.5.1
      prosemirror-state: 1.4.4
      prosemirror-tables: 1.8.5
      prosemirror-transform: 1.12.2
      prosemirror-view: 1.42.6

  '@floating-ui/core@1.8.0':
    dependencies:
      '@floating-ui/utils': 0.2.12

  '@floating-ui/dom@1.8.0':
    dependencies:
      '@floating-ui/core': 1.8.0
      '@floating-ui/utils': 0.2.12

  '@floating-ui/utils@0.2.12': {}

  isomorphic.js@0.2.5: {}

  lib0@0.2.119:
    dependencies:
      isomorphic.js: 0.2.5

  linkifyjs@4.3.3: {}

  orderedmap@2.1.1: {}

  prosemirror-commands@1.7.2:
    dependencies:
      prosemirror-model: 1.25.12
      prosemirror-state: 1.4.4
      prosemirror-transform: 1.12.2

  prosemirror-dropcursor@1.8.4:
    dependencies:
      prosemirror-state: 1.4.4
      prosemirror-transform: 1.12.2
      prosemirror-view: 1.42.6

  prosemirror-gapcursor@1.4.1:
    dependencies:
      prosemirror-keymap: 1.2.3
      prosemirror-model: 1.25.12
      prosemirror-state: 1.4.4
      prosemirror-view: 1.42.6

  prosemirror-history@1.5.1:
    dependencies:
      prosemirror-state: 1.4.4
      prosemirror-transform: 1.12.2
      prosemirror-view: 1.42.6
      rope-sequence: 1.3.4

  prosemirror-inputrules@1.5.1:
    dependencies:
      prosemirror-state: 1.4.4
      prosemirror-transform: 1.12.2

  prosemirror-keymap@1.2.3:
    dependencies:
      prosemirror-state: 1.4.4
      w3c-keyname: 2.2.8

  prosemirror-model@1.25.12:
    dependencies:
      orderedmap: 2.1.1

  prosemirror-schema-list@1.5.1:
    dependencies:
      prosemirror-model: 1.25.12
      prosemirror-state: 1.4.4
      prosemirror-transform: 1.12.2

  prosemirror-state@1.4.4:
    dependencies:
      prosemirror-model: 1.25.12
      prosemirror-transform: 1.12.2
      prosemirror-view: 1.42.6

  prosemirror-tables@1.8.5:
    dependencies:
      prosemirror-keymap: 1.2.3
      prosemirror-model: 1.25.12
      prosemirror-state: 1.4.4
      prosemirror-transform: 1.12.2
      prosemirror-view: 1.42.6

  prosemirror-transform@1.12.2:
    dependencies:
      prosemirror-model: 1.25.12

  prosemirror-view@1.42.6:
    dependencies:
      prosemirror-model: 1.25.12
      prosemirror-state: 1.4.4
      prosemirror-transform: 1.12.2

  rope-sequence@1.3.4: {}

  w3c-keyname@2.2.8: {}

  y-prosemirror@1.3.7(prosemirror-model@1.25.12)(prosemirror-state@1.4.4)(prosemirror-view@1.42.6)(y-protocols@1.0.7(yjs@13.6.32))(yjs@13.6.32):
    dependencies:
      lib0: 0.2.119
      prosemirror-model: 1.25.12
      prosemirror-state: 1.4.4
      prosemirror-view: 1.42.6
      y-protocols: 1.0.7(yjs@13.6.32)
      yjs: 13.6.32

  y-protocols@1.0.7(yjs@13.6.32):
    dependencies:
      lib0: 0.2.119
      yjs: 13.6.32

  yjs@13.6.32:
    dependencies:
      lib0: 0.2.119
